
Microsoft Visual Studio Solution File, Format Version 12.00
# Visual Studio 15
VisualStudioVersion = 15.0.28307.1738
MinimumVisualStudioVersion = 10.0.40219.1
Project("{FAE04EC0-301F-11D3-BF4B-00C04F79EFBC}") = "Presentacion", "Presentacion\Presentacion.csproj", "{05EB59FF-3897-487E-9824-7B661BFCBA06}"
EndProject
Project("{FAE04EC0-301F-11D3-BF4B-00C04F79EFBC}") = "Domain", "Domain\Domain.csproj", "{A4AC599F-3CC8-4B16-8E63-AE368824177C}"
EndProject
Project("{FAE04EC0-301F-11D3-BF4B-00C04F79EFBC}") = "DataAccess", "DataAccess\DataAccess.csproj", "{84E15907-F1D3-4E25-8B02-EC68F5252937}"
EndProject
Project("{FAE04EC0-301F-11D3-BF4B-00C04F79EFBC}") = "Comun", "Comun\Comun.csproj", "{DD9B7A96-F07A-4519-8C51-063DE999A5E8}"
EndProject
Project("{2150E333-8FDC-42A3-9474-1A3956D46DE8}") = "Librerias", "Librerias", "{47DF8E43-993F-4738-8E3C-17B80FFDC289}"
EndProject
Project("{2150E333-8FDC-42A3-9474-1A3956D46DE8}") = "Clases del login", "Clases del login", "{77B2DDC4-AD4C-42B1-9333-A3578EE87B8C}"
EndProject
Project("{FAE04EC0-301F-11D3-BF4B-00C04F79EFBC}") = "CapaDatos", "CapaDatos\CapaDatos.csproj", "{8778A14C-865E-446B-A61B-B08D29980148}"
EndProject
Project("{FAE04EC0-301F-11D3-BF4B-00C04F79EFBC}") = "CapaEntidad", "CapaEntidad\CapaEntidad.csproj", "{62235E16-53C5-4A30-A3FE-B164B4EF7EAC}"
EndProject
Project("{FAE04EC0-301F-11D3-BF4B-00C04F79EFBC}") = "CapaNegocio", "CapaNegocio\CapaNegocio.csproj", "{09FF1BBB-10B2-44D5-8B2E-21C440478D28}"
EndProject
Project("{2150E333-8FDC-42A3-9474-1A3956D46DE8}") = "Datagrids", "Datagrids", "{3FFE4406-D029-471D-BF0E-8AE9640E6884}"
EndProject
Global
	GlobalSection(SolutionConfigurationPlatforms) = preSolution
		Debug|Any CPU = Debug|Any CPU
		Release|Any CPU = Release|Any CPU
	EndGlobalSection
	GlobalSection(ProjectConfigurationPlatforms) = postSolution
		{05EB59FF-3897-487E-9824-7B661BFCBA06}.Debug|Any CPU.ActiveCfg = Debug|Any CPU
		{05EB59FF-3897-487E-9824-7B661BFCBA06}.Debug|Any CPU.Build.0 = Debug|Any CPU
		{05EB59FF-3897-487E-9824-7B661BFCBA06}.Release|Any CPU.ActiveCfg = Release|Any CPU
		{05EB59FF-3897-487E-9824-7B661BFCBA06}.Release|Any CPU.Build.0 = Release|Any CPU
		{A4AC599F-3CC8-4B16-8E63-AE368824177C}.Debug|Any CPU.ActiveCfg = Debug|Any CPU
		{A4AC599F-3CC8-4B16-8E63-AE368824177C}.Debug|Any CPU.Build.0 = Debug|Any CPU
		{A4AC599F-3CC8-4B16-8E63-AE368824177C}.Release|Any CPU.ActiveCfg = Release|Any CPU
		{A4AC599F-3CC8-4B16-8E63-AE368824177C}.Release|Any CPU.Build.0 = Release|Any CPU
		{84E15907-F1D3-4E25-8B02-EC68F5252937}.Debug|Any CPU.ActiveCfg = Debug|Any CPU
		{84E15907-F1D3-4E25-8B02-EC68F5252937}.Debug|Any CPU.Build.0 = Debug|Any CPU
		{84E15907-F1D3-4E25-8B02-EC68F5252937}.Release|Any CPU.ActiveCfg = Release|Any CPU
		{84E15907-F1D3-4E25-8B02-EC68F5252937}.Release|Any CPU.Build.0 = Release|Any CPU
		{DD9B7A96-F07A-4519-8C51-063DE999A5E8}.Debug|Any CPU.ActiveCfg = Debug|Any CPU
		{DD9B7A96-F07A-4519-8C51-063DE999A5E8}.Debug|Any CPU.Build.0 = Debug|Any CPU
		{DD9B7A96-F07A-4519-8C51-063DE999A5E8}.Release|Any CPU.ActiveCfg = Release|Any CPU
		{DD9B7A96-F07A-4519-8C51-063DE999A5E8}.Release|Any CPU.Build.0 = Release|Any CPU
		{8778A14C-865E-446B-A61B-B08D29980148}.Debug|Any CPU.ActiveCfg = Debug|Any CPU
		{8778A14C-865E-446B-A61B-B08D29980148}.Debug|Any CPU.Build.0 = Debug|Any CPU
		{8778A14C-865E-446B-A61B-B08D29980148}.Release|Any CPU.ActiveCfg = Release|Any CPU
		{8778A14C-865E-446B-A61B-B08D29980148}.Release|Any CPU.Build.0 = Release|Any CPU
		{62235E16-53C5-4A30-A3FE-B164B4EF7EAC}.Debug|Any CPU.ActiveCfg = Debug|Any CPU
		{62235E16-53C5-4A30-A3FE-B164B4EF7EAC}.Debug|Any CPU.Build.0 = Debug|Any CPU
		{62235E16-53C5-4A30-A3FE-B164B4EF7EAC}.Release|Any CPU.ActiveCfg = Release|Any CPU
		{62235E16-53C5-4A30-A3FE-B164B4EF7EAC}.Release|Any CPU.Build.0 = Release|Any CPU
		{09FF1BBB-10B2-44D5-8B2E-21C440478D28}.Debug|Any CPU.ActiveCfg = Debug|Any CPU
		{09FF1BBB-10B2-44D5-8B2E-21C440478D28}.Debug|Any CPU.Build.0 = Debug|Any CPU
		{09FF1BBB-10B2-44D5-8B2E-21C440478D28}.Release|Any CPU.ActiveCfg = Release|Any CPU
		{09FF1BBB-10B2-44D5-8B2E-21C440478D28}.Release|Any CPU.Build.0 = Release|Any CPU
	EndGlobalSection
	GlobalSection(SolutionProperties) = preSolution
		HideSolutionNode = FALSE
	EndGlobalSection
	GlobalSection(NestedProjects) = preSolution
		{05EB59FF-3897-487E-9824-7B661BFCBA06} = {47DF8E43-993F-4738-8E3C-17B80FFDC289}
		{A4AC599F-3CC8-4B16-8E63-AE368824177C} = {77B2DDC4-AD4C-42B1-9333-A3578EE87B8C}
		{84E15907-F1D3-4E25-8B02-EC68F5252937} = {77B2DDC4-AD4C-42B1-9333-A3578EE87B8C}
		{DD9B7A96-F07A-4519-8C51-063DE999A5E8} = {77B2DDC4-AD4C-42B1-9333-A3578EE87B8C}
		{77B2DDC4-AD4C-42B1-9333-A3578EE87B8C} = {47DF8E43-993F-4738-8E3C-17B80FFDC289}
		{8778A14C-865E-446B-A61B-B08D29980148} = {3FFE4406-D029-471D-BF0E-8AE9640E6884}
		{62235E16-53C5-4A30-A3FE-B164B4EF7EAC} = {3FFE4406-D029-471D-BF0E-8AE9640E6884}
		{09FF1BBB-10B2-44D5-8B2E-21C440478D28} = {3FFE4406-D029-471D-BF0E-8AE9640E6884}
		{3FFE4406-D029-471D-BF0E-8AE9640E6884} = {47DF8E43-993F-4738-8E3C-17B80FFDC289}
	EndGlobalSection
	GlobalSection(ExtensibilityGlobals) = postSolution
		SolutionGuid = {54DFAACB-304E-49EF-BB41-827FB85B379D}
	EndGlobalSection
EndGlobal
